{
  "name": "iot-provisioning-infra",
  "version": "1.0.0",
  "lockfileVersion": 3,
  "requires": true,
  "packages": {
    "": {
      "name": "iot-provisioning-infra",
      "version": "1.0.0",
      "dependencies": {
        "appwrite-cli": "27.3.0"
      }
    },
    "node_modules/appwrite-cli": {
      "version": "27.3.0",
      "resolved": "https://registry.npmjs.org/appwrite-cli/-/appwrite-cli-27.3.0.tgz",
      "integrity": "sha512-kWgP0o3QcaDJpZblVgYRiGlpz+8mt1pRNjI2gYNTiQlv1A/JoScfKtj5NgGjcdCj+JQzH4wLH4MGZqIgCzbtuw==",
      "license": "BSD-3-Clause",
      "bin": {
        "appwrite": "run.js"
      },
      "engines": {
        "node": ">=18"
      },
      "optionalDependencies": {
        "appwrite-cli-darwin-arm64": "27.3.0",
        "appwrite-cli-darwin-x64": "27.3.0",
        "appwrite-cli-linux-arm64": "27.3.0",
        "appwrite-cli-linux-x64": "27.3.0",
        "appwrite-cli-win-arm64": "27.3.0",
        "appwrite-cli-win-x64": "27.3.0"
      }
    },
    "node_modules/appwrite-cli-darwin-arm64": {
      "version": "27.3.0",
      "resolved": "https://registry.npmjs.org/appwrite-cli-darwin-arm64/-/appwrite-cli-darwin-arm64-27.3.0.tgz",
      "integrity": "sha512-xso5vH3EszFmv4lJt45ZknmemA/pj/k8Y26qTCKBiH0QBpyaFvYhOPvsdP9B8u8Hl60/F79IpHLxIPAFY7PxDg==",
      "cpu": [
        "arm64"
      ],
      "license": "BSD-3-Clause",
      "optional": true,
      "os": [
        "darwin"
      ]
    },
    "node_modules/appwrite-cli-darwin-x64": {
      "version": "27.3.0",
      "resolved": "https://registry.npmjs.org/appwrite-cli-darwin-x64/-/appwrite-cli-darwin-x64-27.3.0.tgz",
      "integrity": "sha512-HvQu6++fqXApXg0stmlTydH9YxWJsIVa+dF6569Lw/oNKC431neaHRLhveaPO68ptIJG2Oow9gnkqL728C5pqw==",
      "cpu": [
        "x64"
      ],
      "license": "BSD-3-Clause",
      "optional": true,
      "os": [
        "darwin"
      ]
    },
    "node_modules/appwrite-cli-linux-arm64": {
      "version": "27.3.0",
      "resolved": "https://registry.npmjs.org/appwrite-cli-linux-arm64/-/appwrite-cli-linux-arm64-27.3.0.tgz",
      "integrity": "sha512-xWA1RU0flNTtV1yZOOgdyDaq6MKesGGOE3VLj+IhZVb/hqPjzb0vxIXai9pDJ+rnuhoiAoK2OR6KqaES1oXyng==",
      "cpu": [
        "arm64"
      ],
      "license": "BSD-3-Clause",
      "optional": true,
      "os": [
        "linux"
      ]
    },
    "node_modules/appwrite-cli-linux-x64": {
      "version": "27.3.0",
      "resolved": "https://registry.npmjs.org/appwrite-cli-linux-x64/-/appwrite-cli-linux-x64-27.3.0.tgz",
      "integrity": "sha512-CJO9SkM9eMLbsB8/mRRF3TDsb/ZYVueqBI9bE+uOxNmn8NxmOCizmO1PYv+hY/s2K4DF3H9xBBOiowDPt4VaLw==",
      "cpu": [
        "x64"
      ],
      "license": "BSD-3-Clause",
      "optional": true,
      "os": [
        "linux"
      ]
    },
    "node_modules/appwrite-cli-win-arm64": {
      "version": "27.3.0",
      "resolved": "https://registry.npmjs.org/appwrite-cli-win-arm64/-/appwrite-cli-win-arm64-27.3.0.tgz",
      "integrity": "sha512-wH/ZxOBK/fErdYUctCf3YSv0KsDupVwdFzAMT5f8ctx7/4hXatUPGX657eKiWY+mnslq/vKKRgiK3ojWCo0BMw==",
      "cpu": [
        "arm64"
      ],
      "license": "BSD-3-Clause",
      "optional": true,
      "os": [
        "win32"
      ]
    },
    "node_modules/appwrite-cli-win-x64": {
      "version": "27.3.0",
      "resolved": "https://registry.npmjs.org/appwrite-cli-win-x64/-/appwrite-cli-win-x64-27.3.0.tgz",
      "integrity": "sha512-9HRXqyXi+mNJiXCYtgPJPoRxZ7h1xF5WmeExdaP3mYmBD2QwSo9LlVC3tDRDkrq3EHVg7H4c1xiLnTB6k0Q96w==",
      "cpu": [
        "x64"
      ],
      "license": "BSD-3-Clause",
      "optional": true,
      "os": [
        "win32"
      ]
    }
  }
}
